<?xml version="1.0" encoding="UTF-8"?>
<!DOCTYPE plist PUBLIC "-//Apple//DTD PLIST 1.0//EN" "http://www.apple.com/DTDs/PropertyList-1.0.dtd">
<plist version="1.0">
<dict>
	<key>archiveVersion</key>
	<string>1</string>
	<key>classes</key>
	<dict/>
	<key>objectVersion</key>
	<string>46</string>
	<key>objects</key>
	<dict>
		<key>1D9A591419616C48006CB73F</key>
		<dict>
			<key>children</key>
			<array>
				<string>1D9A592819616C48006CB73F</string>
				<string>1D9A594E19616C49006CB73F</string>
				<string>1D9A591F19616C48006CB73F</string>
				<string>1D9A591E19616C48006CB73F</string>
			</array>
			<key>isa</key>
			<string>PBXGroup</string>
			<key>sourceTree</key>
			<string>&lt;group&gt;</string>
		</dict>
		<key>1D9A591519616C48006CB73F</key>
		<dict>
			<key>attributes</key>
			<dict>
				<key>CLASSPREFIX</key>
				<string>IH</string>
				<key>LastUpgradeCheck</key>
				<string>0510</string>
				<key>ORGANIZATIONNAME</key>
				<string>IronHack</string>
				<key>TargetAttributes</key>
				<dict>
					<key>1D9A594519616C49006CB73F</key>
					<dict>
						<key>TestTargetID</key>
						<string>1D9A591C19616C48006CB73F</string>
					</dict>
				</dict>
			</dict>
			<key>buildConfigurationList</key>
			<string>1D9A591819616C48006CB73F</string>
			<key>compatibilityVersion</key>
			<string>Xcode 3.2</string>
			<key>developmentRegion</key>
			<string>English</string>
			<key>hasScannedForEncodings</key>
			<string>0</string>
			<key>isa</key>
			<string>PBXProject</string>
			<key>knownRegions</key>
			<array>
				<string>en</string>
				<string>Base</string>
			</array>
			<key>mainGroup</key>
			<string>1D9A591419616C48006CB73F</string>
			<key>productRefGroup</key>
			<string>1D9A591E19616C48006CB73F</string>
			<key>projectDirPath</key>
			<string></string>
			<key>projectReferences</key>
			<array/>
			<key>projectRoot</key>
			<string></string>
			<key>targets</key>
			<array>
				<string>1D9A591C19616C48006CB73F</string>
				<string>1D9A594519616C49006CB73F</string>
			</array>
		</dict>
		<key>1D9A591819616C48006CB73F</key>
		<dict>
			<key>buildConfigurations</key>
			<array>
				<string>1D9A595619616C49006CB73F</string>
				<string>1D9A595719616C49006CB73F</string>
			</array>
			<key>defaultConfigurationIsVisible</key>
			<string>0</string>
			<key>defaultConfigurationName</key>
			<string>Release</string>
			<key>isa</key>
			<string>XCConfigurationList</string>
		</dict>
		<key>1D9A591919616C48006CB73F</key>
		<dict>
			<key>buildActionMask</key>
			<string>2147483647</string>
			<key>files</key>
			<array>
				<string>1D9A592F19616C48006CB73F</string>
				<string>1D9A593F19616C49006CB73F</string>
				<string>1D9A596B1961BED0006CB73F</string>
				<string>1D9A593319616C49006CB73F</string>
				<string>1D9A59681961BDF5006CB73F</string>
				<string>1D9A593919616C49006CB73F</string>
				<string>1D9A593C19616C49006CB73F</string>
			</array>
			<key>isa</key>
			<string>PBXSourcesBuildPhase</string>
			<key>runOnlyForDeploymentPostprocessing</key>
			<string>0</string>
		</dict>
		<key>1D9A591A19616C48006CB73F</key>
		<dict>
			<key>buildActionMask</key>
			<string>2147483647</string>
			<key>files</key>
			<array>
				<string>1D9A592319616C48006CB73F</string>
				<string>1D9A592719616C48006CB73F</string>
				<string>1D9A592519616C48006CB73F</string>
				<string>1D9A592119616C48006CB73F</string>
			</array>
			<key>isa</key>
			<string>PBXFrameworksBuildPhase</string>
			<key>runOnlyForDeploymentPostprocessing</key>
			<string>0</string>
		</dict>
		<key>1D9A591B19616C48006CB73F</key>
		<dict>
			<key>buildActionMask</key>
			<string>2147483647</string>
			<key>files</key>
			<array>
				<string>1D9A594119616C49006CB73F</string>
				<string>1D9A592D19616C48006CB73F</string>
				<string>1D9A593619616C49006CB73F</string>
			</array>
			<key>isa</key>
			<string>PBXResourcesBuildPhase</string>
			<key>runOnlyForDeploymentPostprocessing</key>
			<string>0</string>
		</dict>
		<key>1D9A591C19616C48006CB73F</key>
		<dict>
			<key>buildConfigurationList</key>
			<string>1D9A595819616C49006CB73F</string>
			<key>buildPhases</key>
			<array>
				<string>1D9A591919616C48006CB73F</string>
				<string>1D9A591A19616C48006CB73F</string>
				<string>1D9A591B19616C48006CB73F</string>
			</array>
			<key>buildRules</key>
			<array/>
			<key>dependencies</key>
			<array/>
			<key>isa</key>
			<string>PBXNativeTarget</string>
			<key>name</key>
			<string>MalometerWeek5</string>
			<key>productName</key>
			<string>MalometerWeek5</string>
			<key>productReference</key>
			<string>1D9A591D19616C48006CB73F</string>
			<key>productType</key>
			<string>com.apple.product-type.application</string>
		</dict>
		<key>1D9A591D19616C48006CB73F</key>
		<dict>
			<key>explicitFileType</key>
			<string>wrapper.application</string>
			<key>includeInIndex</key>
			<string>0</string>
			<key>isa</key>
			<string>PBXFileReference</string>
			<key>path</key>
			<string>MalometerWeek5.app</string>
			<key>sourceTree</key>
			<string>BUILT_PRODUCTS_DIR</string>
		</dict>
		<key>1D9A591E19616C48006CB73F</key>
		<dict>
			<key>children</key>
			<array>
				<string>1D9A591D19616C48006CB73F</string>
				<string>1D9A594619616C49006CB73F</string>
			</array>
			<key>isa</key>
			<string>PBXGroup</string>
			<key>name</key>
			<string>Products</string>
			<key>sourceTree</key>
			<string>&lt;group&gt;</string>
		</dict>
		<key>1D9A591F19616C48006CB73F</key>
		<dict>
			<key>children</key>
			<array>
				<string>1D9A592019616C48006CB73F</string>
				<string>1D9A592219616C48006CB73F</string>
				<string>1D9A592419616C48006CB73F</string>
				<string>1D9A592619616C48006CB73F</string>
				<string>1D9A594719616C49006CB73F</string>
			</array>
			<key>isa</key>
			<string>PBXGroup</string>
			<key>name</key>
			<string>Frameworks</string>
			<key>sourceTree</key>
			<string>&lt;group&gt;</string>
		</dict>
		<key>1D9A592019616C48006CB73F</key>
		<dict>
			<key>isa</key>
			<string>PBXFileReference</string>
			<key>lastKnownFileType</key>
			<string>wrapper.framework</string>
			<key>name</key>
			<string>Foundation.framework</string>
			<key>path</key>
			<string>System/Library/Frameworks/Foundation.framework</string>
			<key>sourceTree</key>
			<string>SDKROOT</string>
		</dict>
		<key>1D9A592119616C48006CB73F</key>
		<dict>
			<key>fileRef</key>
			<string>1D9A592019616C48006CB73F</string>
			<key>isa</key>
			<string>PBXBuildFile</string>
		</dict>
		<key>1D9A592219616C48006CB73F</key>
		<dict>
			<key>isa</key>
			<string>PBXFileReference</string>
			<key>lastKnownFileType</key>
			<string>wrapper.framework</string>
			<key>name</key>
			<string>CoreGraphics.framework</string>
			<key>path</key>
			<string>System/Library/Frameworks/CoreGraphics.framework</string>
			<key>sourceTree</key>
			<string>SDKROOT</string>
		</dict>
		<key>1D9A592319616C48006CB73F</key>
		<dict>
			<key>fileRef</key>
			<string>1D9A592219616C48006CB73F</string>
			<key>isa</key>
			<string>PBXBuildFile</string>
		</dict>
		<key>1D9A592419616C48006CB73F</key>
		<dict>
			<key>isa</key>
			<string>PBXFileReference</string>
			<key>lastKnownFileType</key>
			<string>wrapper.framework</string>
			<key>name</key>
			<string>UIKit.framework</string>
			<key>path</key>
			<string>System/Library/Frameworks/UIKit.framework</string>
			<key>sourceTree</key>
			<string>SDKROOT</string>
		</dict>
		<key>1D9A592519616C48006CB73F</key>
		<dict>
			<key>fileRef</key>
			<string>1D9A592419616C48006CB73F</string>
			<key>isa</key>
			<string>PBXBuildFile</string>
		</dict>
		<key>1D9A592619616C48006CB73F</key>
		<dict>
			<key>isa</key>
			<string>PBXFileReference</string>
			<key>lastKnownFileType</key>
			<string>wrapper.framework</string>
			<key>name</key>
			<string>CoreData.framework</string>
			<key>path</key>
			<string>System/Library/Frameworks/CoreData.framework</string>
			<key>sourceTree</key>
			<string>SDKROOT</string>
		</dict>
		<key>1D9A592719616C48006CB73F</key>
		<dict>
			<key>fileRef</key>
			<string>1D9A592619616C48006CB73F</string>
			<key>isa</key>
			<string>PBXBuildFile</string>
		</dict>
		<key>1D9A592819616C48006CB73F</key>
		<dict>
			<key>children</key>
			<array>
				<string>1D9A596019616CCE006CB73F</string>
				<string>1D9A595E19616CC0006CB73F</string>
				<string>1D9A596119616CDC006CB73F</string>
				<string>1D9A595F19616CC7006CB73F</string>
				<string>1D9A594019616C49006CB73F</string>
				<string>1D9A592919616C48006CB73F</string>
			</array>
			<key>isa</key>
			<string>PBXGroup</string>
			<key>path</key>
			<string>MalometerWeek5</string>
			<key>sourceTree</key>
			<string>&lt;group&gt;</string>
		</dict>
		<key>1D9A592919616C48006CB73F</key>
		<dict>
			<key>children</key>
			<array>
				<string>1D9A592A19616C48006CB73F</string>
				<string>1D9A592B19616C48006CB73F</string>
				<string>1D9A592E19616C48006CB73F</string>
				<string>1D9A593019616C48006CB73F</string>
			</array>
			<key>isa</key>
			<string>PBXGroup</string>
			<key>name</key>
			<string>Supporting Files</string>
			<key>path</key>
			<string>Supporting Files</string>
			<key>sourceTree</key>
			<string>&lt;group&gt;</string>
		</dict>
		<key>1D9A592A19616C48006CB73F</key>
		<dict>
			<key>isa</key>
			<string>PBXFileReference</string>
			<key>lastKnownFileType</key>
			<string>text.plist.xml</string>
			<key>path</key>
			<string>MalometerWeek5-Info.plist</string>
			<key>sourceTree</key>
			<string>&lt;group&gt;</string>
		</dict>
		<key>1D9A592B19616C48006CB73F</key>
		<dict>
			<key>children</key>
			<array>
				<string>1D9A592C19616C48006CB73F</string>
			</array>
			<key>isa</key>
			<string>PBXVariantGroup</string>
			<key>name</key>
			<string>InfoPlist.strings</string>
			<key>sourceTree</key>
			<string>&lt;group&gt;</string>
		</dict>
		<key>1D9A592C19616C48006CB73F</key>
		<dict>
			<key>isa</key>
			<string>PBXFileReference</string>
			<key>lastKnownFileType</key>
			<string>text.plist.strings</string>
			<key>name</key>
			<string>en</string>
			<key>path</key>
			<string>en.lproj/InfoPlist.strings</string>
			<key>sourceTree</key>
			<string>&lt;group&gt;</string>
		</dict>
		<key>1D9A592D19616C48006CB73F</key>
		<dict>
			<key>fileRef</key>
			<string>1D9A592B19616C48006CB73F</string>
			<key>isa</key>
			<string>PBXBuildFile</string>
		</dict>
		<key>1D9A592E19616C48006CB73F</key>
		<dict>
			<key>isa</key>
			<string>PBXFileReference</string>
			<key>lastKnownFileType</key>
			<string>sourcecode.c.objc</string>
			<key>path</key>
			<string>main.m</string>
			<key>sourceTree</key>
			<string>&lt;group&gt;</string>
		</dict>
		<key>1D9A592F19616C48006CB73F</key>
		<dict>
			<key>fileRef</key>
			<string>1D9A592E19616C48006CB73F</string>
			<key>isa</key>
			<string>PBXBuildFile</string>
		</dict>
		<key>1D9A593019616C48006CB73F</key>
		<dict>
			<key>isa</key>
			<string>PBXFileReference</string>
			<key>lastKnownFileType</key>
			<string>sourcecode.c.h</string>
			<key>path</key>
			<string>MalometerWeek5-Prefix.pch</string>
			<key>sourceTree</key>
			<string>&lt;group&gt;</string>
		</dict>
		<key>1D9A593119616C48006CB73F</key>
		<dict>
			<key>isa</key>
			<string>PBXFileReference</string>
			<key>lastKnownFileType</key>
			<string>sourcecode.c.h</string>
			<key>path</key>
			<string>IHAppDelegate.h</string>
			<key>sourceTree</key>
			<string>&lt;group&gt;</string>
		</dict>
		<key>1D9A593219616C49006CB73F</key>
		<dict>
			<key>isa</key>
			<string>PBXFileReference</string>
			<key>lastKnownFileType</key>
			<string>sourcecode.c.objc</string>
			<key>path</key>
			<string>IHAppDelegate.m</string>
			<key>sourceTree</key>
			<string>&lt;group&gt;</string>
		</dict>
		<key>1D9A593319616C49006CB73F</key>
		<dict>
			<key>fileRef</key>
			<string>1D9A593219616C49006CB73F</string>
			<key>isa</key>
			<string>PBXBuildFile</string>
		</dict>
		<key>1D9A593419616C49006CB73F</key>
		<dict>
			<key>children</key>
			<array>
				<string>1D9A593519616C49006CB73F</string>
			</array>
			<key>isa</key>
			<string>PBXVariantGroup</string>
			<key>name</key>
			<string>Main.storyboard</string>
			<key>sourceTree</key>
			<string>&lt;group&gt;</string>
		</dict>
		<key>1D9A593519616C49006CB73F</key>
		<dict>
			<key>isa</key>
			<string>PBXFileReference</string>
			<key>lastKnownFileType</key>
			<string>file.storyboard</string>
			<key>name</key>
			<string>Base</string>
			<key>path</key>
			<string>Base.lproj/Main.storyboard</string>
			<key>sourceTree</key>
			<string>&lt;group&gt;</string>
		</dict>
		<key>1D9A593619616C49006CB73F</key>
		<dict>
			<key>fileRef</key>
			<string>1D9A593419616C49006CB73F</string>
			<key>isa</key>
			<string>PBXBuildFile</string>
		</dict>
		<key>1D9A593719616C49006CB73F</key>
		<dict>
			<key>children</key>
			<array>
				<string>1D9A593819616C49006CB73F</string>
			</array>
			<key>currentVersion</key>
			<string>1D9A593819616C49006CB73F</string>
			<key>isa</key>
			<string>XCVersionGroup</string>
			<key>path</key>
			<string>MalometerWeek5.xcdatamodeld</string>
			<key>sourceTree</key>
			<string>&lt;group&gt;</string>
			<key>versionGroupType</key>
			<string>wrapper.xcdatamodel</string>
		</dict>
		<key>1D9A593819616C49006CB73F</key>
		<dict>
			<key>isa</key>
			<string>PBXFileReference</string>
			<key>lastKnownFileType</key>
			<string>wrapper.xcdatamodel</string>
			<key>path</key>
			<string>MalometerWeek5.xcdatamodel</string>
			<key>sourceTree</key>
			<string>&lt;group&gt;</string>
		</dict>
		<key>1D9A593919616C49006CB73F</key>
		<dict>
			<key>fileRef</key>
			<string>1D9A593719616C49006CB73F</string>
			<key>isa</key>
			<string>PBXBuildFile</string>
		</dict>
		<key>1D9A593A19616C49006CB73F</key>
		<dict>
			<key>isa</key>
			<string>PBXFileReference</string>
			<key>lastKnownFileType</key>
			<string>sourcecode.c.h</string>
			<key>path</key>
			<string>IHAgentsViewController.h</string>
			<key>sourceTree</key>
			<string>&lt;group&gt;</string>
		</dict>
		<key>1D9A593B19616C49006CB73F</key>
		<dict>
			<key>isa</key>
			<string>PBXFileReference</string>
			<key>lastKnownFileType</key>
			<string>sourcecode.c.objc</string>
			<key>path</key>
			<string>IHAgentsViewController.m</string>
			<key>sourceTree</key>
			<string>&lt;group&gt;</string>
		</dict>
		<key>1D9A593C19616C49006CB73F</key>
		<dict>
			<key>fileRef</key>
			<string>1D9A593B19616C49006CB73F</string>
			<key>isa</key>
			<string>PBXBuildFile</string>
		</dict>
		<key>1D9A593D19616C49006CB73F</key>
		<dict>
			<key>isa</key>
			<string>PBXFileReference</string>
			<key>lastKnownFileType</key>
			<string>sourcecode.c.h</string>
			<key>path</key>
			<string>IHAgentEditViewController.h</string>
			<key>sourceTree</key>
			<string>&lt;group&gt;</string>
		</dict>
		<key>1D9A593E19616C49006CB73F</key>
		<dict>
			<key>isa</key>
			<string>PBXFileReference</string>
			<key>lastKnownFileType</key>
			<string>sourcecode.c.objc</string>
			<key>path</key>
			<string>IHAgentEditViewController.m</string>
			<key>sourceTree</key>
			<string>&lt;group&gt;</string>
		</dict>
		<key>1D9A593F19616C49006CB73F</key>
		<dict>
			<key>fileRef</key>
			<string>1D9A593E19616C49006CB73F</string>
			<key>isa</key>
			<string>PBXBuildFile</string>
		</dict>
		<key>1D9A594019616C49006CB73F</key>
		<dict>
			<key>isa</key>
			<string>PBXFileReference</string>
			<key>lastKnownFileType</key>
			<string>folder.assetcatalog</string>
			<key>path</key>
			<string>Images.xcassets</string>
			<key>sourceTree</key>
			<string>&lt;group&gt;</string>
		</dict>
		<key>1D9A594119616C49006CB73F</key>
		<dict>
			<key>fileRef</key>
			<string>1D9A594019616C49006CB73F</string>
			<key>isa</key>
			<string>PBXBuildFile</string>
		</dict>
		<key>1D9A594219616C49006CB73F</key>
		<dict>
			<key>buildActionMask</key>
			<string>2147483647</string>
			<key>files</key>
			<array>
				<string>1D9A595519616C49006CB73F</string>
			</array>
			<key>isa</key>
			<string>PBXSourcesBuildPhase</string>
			<key>runOnlyForDeploymentPostprocessing</key>
			<string>0</string>
		</dict>
		<key>1D9A594319616C49006CB73F</key>
		<dict>
			<key>buildActionMask</key>
			<string>2147483647</string>
			<key>files</key>
			<array>
				<string>1D9A594819616C49006CB73F</string>
				<string>1D9A594B19616C49006CB73F</string>
				<string>1D9A594A19616C49006CB73F</string>
				<string>1D9A594919616C49006CB73F</string>
			</array>
			<key>isa</key>
			<string>PBXFrameworksBuildPhase</string>
			<key>runOnlyForDeploymentPostprocessing</key>
			<string>0</string>
		</dict>
		<key>1D9A594419616C49006CB73F</key>
		<dict>
			<key>buildActionMask</key>
			<string>2147483647</string>
			<key>files</key>
			<array>
				<string>1D9A595319616C49006CB73F</string>
			</array>
			<key>isa</key>
			<string>PBXResourcesBuildPhase</string>
			<key>runOnlyForDeploymentPostprocessing</key>
			<string>0</string>
		</dict>
		<key>1D9A594519616C49006CB73F</key>
		<dict>
			<key>buildConfigurationList</key>
			<string>1D9A595B19616C49006CB73F</string>
			<key>buildPhases</key>
			<array>
				<string>1D9A594219616C49006CB73F</string>
				<string>1D9A594319616C49006CB73F</string>
				<string>1D9A594419616C49006CB73F</string>
			</array>
			<key>buildRules</key>
			<array/>
			<key>dependencies</key>
			<array>
				<string>1D9A594D19616C49006CB73F</string>
			</array>
			<key>isa</key>
			<string>PBXNativeTarget</string>
			<key>name</key>
			<string>MalometerWeek5Tests</string>
			<key>productName</key>
			<string>MalometerWeek5Tests</string>
			<key>productReference</key>
			<string>1D9A594619616C49006CB73F</string>
			<key>productType</key>
			<string>com.apple.product-type.bundle.unit-test</string>
		</dict>
		<key>1D9A594619616C49006CB73F</key>
		<dict>
			<key>explicitFileType</key>
			<string>wrapper.cfbundle</string>
			<key>includeInIndex</key>
			<string>0</string>
			<key>isa</key>
			<string>PBXFileReference</string>
			<key>path</key>
			<string>MalometerWeek5Tests.xctest</string>
			<key>sourceTree</key>
			<string>BUILT_PRODUCTS_DIR</string>
		</dict>
		<key>1D9A594719616C49006CB73F</key>
		<dict>
			<key>isa</key>
			<string>PBXFileReference</string>
			<key>lastKnownFileType</key>
			<string>wrapper.framework</string>
			<key>name</key>
			<string>XCTest.framework</string>
			<key>path</key>
			<string>Library/Frameworks/XCTest.framework</string>
			<key>sourceTree</key>
			<string>DEVELOPER_DIR</string>
		</dict>
		<key>1D9A594819616C49006CB73F</key>
		<dict>
			<key>fileRef</key>
			<string>1D9A594719616C49006CB73F</string>
			<key>isa</key>
			<string>PBXBuildFile</string>
		</dict>
		<key>1D9A594919616C49006CB73F</key>
		<dict>
			<key>fileRef</key>
			<string>1D9A592019616C48006CB73F</string>
			<key>isa</key>
			<string>PBXBuildFile</string>
		</dict>
		<key>1D9A594A19616C49006CB73F</key>
		<dict>
			<key>fileRef</key>
			<string>1D9A592419616C48006CB73F</string>
			<key>isa</key>
			<string>PBXBuildFile</string>
		</dict>
		<key>1D9A594B19616C49006CB73F</key>
		<dict>
			<key>fileRef</key>
			<string>1D9A592619616C48006CB73F</string>
			<key>isa</key>
			<string>PBXBuildFile</string>
		</dict>
		<key>1D9A594C19616C49006CB73F</key>
		<dict>
			<key>containerPortal</key>
			<string>1D9A591519616C48006CB73F</string>
			<key>isa</key>
			<string>PBXContainerItemProxy</string>
			<key>proxyType</key>
			<string>1</string>
			<key>remoteGlobalIDString</key>
			<string>1D9A591C19616C48006CB73F</string>
			<key>remoteInfo</key>
			<string>MalometerWeek5</string>
		</dict>
		<key>1D9A594D19616C49006CB73F</key>
		<dict>
			<key>isa</key>
			<string>PBXTargetDependency</string>
			<key>target</key>
			<string>1D9A591C19616C48006CB73F</string>
			<key>targetProxy</key>
			<string>1D9A594C19616C49006CB73F</string>
		</dict>
		<key>1D9A594E19616C49006CB73F</key>
		<dict>
			<key>children</key>
			<array>
				<string>1D9A595419616C49006CB73F</string>
				<string>1D9A594F19616C49006CB73F</string>
			</array>
			<key>isa</key>
			<string>PBXGroup</string>
			<key>path</key>
			<string>MalometerWeek5Tests</string>
			<key>sourceTree</key>
			<string>&lt;group&gt;</string>
		</dict>
		<key>1D9A594F19616C49006CB73F</key>
		<dict>
			<key>children</key>
			<array>
				<string>1D9A595019616C49006CB73F</string>
				<string>1D9A595119616C49006CB73F</string>
			</array>
			<key>isa</key>
			<string>PBXGroup</string>
			<key>name</key>
			<string>Supporting Files</string>
			<key>path</key>
			<string>Supporting Files</string>
			<key>sourceTree</key>
			<string>&lt;group&gt;</string>
		</dict>
		<key>1D9A595019616C49006CB73F</key>
		<dict>
			<key>isa</key>
			<string>PBXFileReference</string>
			<key>lastKnownFileType</key>
			<string>text.plist.xml</string>
			<key>path</key>
			<string>MalometerWeek5Tests-Info.plist</string>
			<key>sourceTree</key>
			<string>&lt;group&gt;</string>
		</dict>
		<key>1D9A595119616C49006CB73F</key>
		<dict>
			<key>children</key>
			<array>
				<string>1D9A595219616C49006CB73F</string>
			</array>
			<key>isa</key>
			<string>PBXVariantGroup</string>
			<key>name</key>
			<string>InfoPlist.strings</string>
			<key>sourceTree</key>
			<string>&lt;group&gt;</string>
		</dict>
		<key>1D9A595219616C49006CB73F</key>
		<dict>
			<key>isa</key>
			<string>PBXFileReference</string>
			<key>lastKnownFileType</key>
			<string>text.plist.strings</string>
			<key>name</key>
			<string>en</string>
			<key>path</key>
			<string>en.lproj/InfoPlist.strings</string>
			<key>sourceTree</key>
			<string>&lt;group&gt;</string>
		</dict>
		<key>1D9A595319616C49006CB73F</key>
		<dict>
			<key>fileRef</key>
			<string>1D9A595119616C49006CB73F</string>
			<key>isa</key>
			<string>PBXBuildFile</string>
		</dict>
		<key>1D9A595419616C49006CB73F</key>
		<dict>
			<key>isa</key>
			<string>PBXFileReference</string>
			<key>lastKnownFileType</key>
			<string>sourcecode.c.objc</string>
			<key>path</key>
			<string>MalometerWeek5Tests.m</string>
			<key>sourceTree</key>
			<string>&lt;group&gt;</string>
		</dict>
		<key>1D9A595519616C49006CB73F</key>
		<dict>
			<key>fileRef</key>
			<string>1D9A595419616C49006CB73F</string>
			<key>isa</key>
			<string>PBXBuildFile</string>
		</dict>
		<key>1D9A595619616C49006CB73F</key>
		<dict>
			<key>buildSettings</key>
			<dict>
				<key>ALWAYS_SEARCH_USER_PATHS</key>
				<string>NO</string>
				<key>CLANG_CXX_LANGUAGE_STANDARD</key>
				<string>gnu++0x</string>
				<key>CLANG_CXX_LIBRARY</key>
				<string>libc++</string>
				<key>CLANG_ENABLE_MODULES</key>
				<string>YES</string>
				<key>CLANG_ENABLE_OBJC_ARC</key>
				<string>YES</string>
				<key>CLANG_WARN_BOOL_CONVERSION</key>
				<string>YES</string>
				<key>CLANG_WARN_CONSTANT_CONVERSION</key>
				<string>YES</string>
				<key>CLANG_WARN_DIRECT_OBJC_ISA_USAGE</key>
				<string>YES_ERROR</string>
				<key>CLANG_WARN_EMPTY_BODY</key>
				<string>YES</string>
				<key>CLANG_WARN_ENUM_CONVERSION</key>
				<string>YES</string>
				<key>CLANG_WARN_INT_CONVERSION</key>
				<string>YES</string>
				<key>CLANG_WARN_OBJC_ROOT_CLASS</key>
				<string>YES_ERROR</string>
				<key>CLANG_WARN__DUPLICATE_METHOD_MATCH</key>
				<string>YES</string>
				<key>CODE_SIGN_IDENTITY[sdk=iphoneos*]</key>
				<string>iPhone Developer</string>
				<key>COPY_PHASE_STRIP</key>
				<string>NO</string>
				<key>GCC_C_LANGUAGE_STANDARD</key>
				<string>gnu99</string>
				<key>GCC_DYNAMIC_NO_PIC</key>
				<string>NO</string>
				<key>GCC_OPTIMIZATION_LEVEL</key>
				<string>0</string>
				<key>GCC_PREPROCESSOR_DEFINITIONS</key>
				<array>
					<string>DEBUG=1</string>
					<string>$(inherited)</string>
				</array>
				<key>GCC_SYMBOLS_PRIVATE_EXTERN</key>
				<string>NO</string>
				<key>GCC_WARN_64_TO_32_BIT_CONVERSION</key>
				<string>YES</string>
				<key>GCC_WARN_ABOUT_RETURN_TYPE</key>
				<string>YES_ERROR</string>
				<key>GCC_WARN_UNDECLARED_SELECTOR</key>
				<string>YES</string>
				<key>GCC_WARN_UNINITIALIZED_AUTOS</key>
				<string>YES_AGGRESSIVE</string>
				<key>GCC_WARN_UNUSED_FUNCTION</key>
				<string>YES</string>
				<key>GCC_WARN_UNUSED_VARIABLE</key>
				<string>YES</string>
				<key>IPHONEOS_DEPLOYMENT_TARGET</key>
				<string>7.1</string>
				<key>ONLY_ACTIVE_ARCH</key>
				<string>YES</string>
				<key>SDKROOT</key>
				<string>iphoneos</string>
			</dict>
			<key>isa</key>
			<string>XCBuildConfiguration</string>
			<key>name</key>
			<string>Debug</string>
		</dict>
		<key>1D9A595719616C49006CB73F</key>
		<dict>
			<key>buildSettings</key>
			<dict>
				<key>ALWAYS_SEARCH_USER_PATHS</key>
				<string>NO</string>
				<key>CLANG_CXX_LANGUAGE_STANDARD</key>
				<string>gnu++0x</string>
				<key>CLANG_CXX_LIBRARY</key>
				<string>libc++</string>
				<key>CLANG_ENABLE_MODULES</key>
				<string>YES</string>
				<key>CLANG_ENABLE_OBJC_ARC</key>
				<string>YES</string>
				<key>CLANG_WARN_BOOL_CONVERSION</key>
				<string>YES</string>
				<key>CLANG_WARN_CONSTANT_CONVERSION</key>
				<string>YES</string>
				<key>CLANG_WARN_DIRECT_OBJC_ISA_USAGE</key>
				<string>YES_ERROR</string>
				<key>CLANG_WARN_EMPTY_BODY</key>
				<string>YES</string>
				<key>CLANG_WARN_ENUM_CONVERSION</key>
				<string>YES</string>
				<key>CLANG_WARN_INT_CONVERSION</key>
				<string>YES</string>
				<key>CLANG_WARN_OBJC_ROOT_CLASS</key>
				<string>YES_ERROR</string>
				<key>CLANG_WARN__DUPLICATE_METHOD_MATCH</key>
				<string>YES</string>
				<key>CODE_SIGN_IDENTITY[sdk=iphoneos*]</key>
				<string>iPhone Developer</string>
				<key>COPY_PHASE_STRIP</key>
				<string>YES</string>
				<key>ENABLE_NS_ASSERTIONS</key>
				<string>NO</string>
				<key>GCC_C_LANGUAGE_STANDARD</key>
				<string>gnu99</string>
				<key>GCC_WARN_64_TO_32_BIT_CONVERSION</key>
				<string>YES</string>
				<key>GCC_WARN_ABOUT_RETURN_TYPE</key>
				<string>YES_ERROR</string>
				<key>GCC_WARN_UNDECLARED_SELECTOR</key>
				<string>YES</string>
				<key>GCC_WARN_UNINITIALIZED_AUTOS</key>
				<string>YES_AGGRESSIVE</string>
				<key>GCC_WARN_UNUSED_FUNCTION</key>
				<string>YES</string>
				<key>GCC_WARN_UNUSED_VARIABLE</key>
				<string>YES</string>
				<key>IPHONEOS_DEPLOYMENT_TARGET</key>
				<string>7.1</string>
				<key>SDKROOT</key>
				<string>iphoneos</string>
				<key>VALIDATE_PRODUCT</key>
				<string>YES</string>
			</dict>
			<key>isa</key>
			<string>XCBuildConfiguration</string>
			<key>name</key>
			<string>Release</string>
		</dict>
		<key>1D9A595819616C49006CB73F</key>
		<dict>
			<key>buildConfigurations</key>
			<array>
				<string>1D9A595919616C49006CB73F</string>
				<string>1D9A595A19616C49006CB73F</string>
			</array>
			<key>defaultConfigurationIsVisible</key>
			<string>0</string>
			<key>isa</key>
			<string>XCConfigurationList</string>
		</dict>
		<key>1D9A595919616C49006CB73F</key>
		<dict>
			<key>buildSettings</key>
			<dict>
				<key>ASSETCATALOG_COMPILER_APPICON_NAME</key>
				<string>AppIcon</string>
				<key>ASSETCATALOG_COMPILER_LAUNCHIMAGE_NAME</key>
				<string>LaunchImage</string>
				<key>GCC_PRECOMPILE_PREFIX_HEADER</key>
				<string>YES</string>
				<key>GCC_PREFIX_HEADER</key>
				<string>MalometerWeek5/Supporting Files/MalometerWeek5-Prefix.pch</string>
				<key>INFOPLIST_FILE</key>
				<string>MalometerWeek5/Supporting Files/MalometerWeek5-Info.plist</string>
				<key>PRODUCT_NAME</key>
				<string>$(TARGET_NAME)</string>
				<key>WRAPPER_EXTENSION</key>
				<string>app</string>
			</dict>
			<key>isa</key>
			<string>XCBuildConfiguration</string>
			<key>name</key>
			<string>Debug</string>
		</dict>
		<key>1D9A595A19616C49006CB73F</key>
		<dict>
			<key>buildSettings</key>
			<dict>
				<key>ASSETCATALOG_COMPILER_APPICON_NAME</key>
				<string>AppIcon</string>
				<key>ASSETCATALOG_COMPILER_LAUNCHIMAGE_NAME</key>
				<string>LaunchImage</string>
				<key>GCC_PRECOMPILE_PREFIX_HEADER</key>
				<string>YES</string>
				<key>GCC_PREFIX_HEADER</key>
				<string>MalometerWeek5/Supporting Files/MalometerWeek5-Prefix.pch</string>
				<key>INFOPLIST_FILE</key>
				<string>MalometerWeek5/Supporting Files/MalometerWeek5-Info.plist</string>
				<key>PRODUCT_NAME</key>
				<string>$(TARGET_NAME)</string>
				<key>WRAPPER_EXTENSION</key>
				<string>app</string>
			</dict>
			<key>isa</key>
			<string>XCBuildConfiguration</string>
			<key>name</key>
			<string>Release</string>
		</dict>
		<key>1D9A595B19616C49006CB73F</key>
		<dict>
			<key>buildConfigurations</key>
			<array>
				<string>1D9A595C19616C49006CB73F</string>
				<string>1D9A595D19616C49006CB73F</string>
			</array>
			<key>defaultConfigurationIsVisible</key>
			<string>0</string>
			<key>isa</key>
			<string>XCConfigurationList</string>
		</dict>
		<key>1D9A595C19616C49006CB73F</key>
		<dict>
			<key>buildSettings</key>
			<dict>
				<key>BUNDLE_LOADER</key>
				<string>$(BUILT_PRODUCTS_DIR)/MalometerWeek5.app/MalometerWeek5</string>
				<key>FRAMEWORK_SEARCH_PATHS</key>
				<array>
					<string>$(SDKROOT)/Developer/Library/Frameworks</string>
					<string>$(inherited)</string>
					<string>$(DEVELOPER_FRAMEWORKS_DIR)</string>
				</array>
				<key>GCC_PRECOMPILE_PREFIX_HEADER</key>
				<string>YES</string>
				<key>GCC_PREFIX_HEADER</key>
				<string>MalometerWeek5/Supporting Files/MalometerWeek5-Prefix.pch</string>
				<key>GCC_PREPROCESSOR_DEFINITIONS</key>
				<array>
					<string>DEBUG=1</string>
					<string>$(inherited)</string>
				</array>
				<key>INFOPLIST_FILE</key>
				<string>MalometerWeek5Tests/Supporting Files/MalometerWeek5Tests-Info.plist</string>
				<key>PRODUCT_NAME</key>
				<string>$(TARGET_NAME)</string>
				<key>TEST_HOST</key>
				<string>$(BUNDLE_LOADER)</string>
				<key>WRAPPER_EXTENSION</key>
				<string>xctest</string>
			</dict>
			<key>isa</key>
			<string>XCBuildConfiguration</string>
			<key>name</key>
			<string>Debug</string>
		</dict>
		<key>1D9A595D19616C49006CB73F</key>
		<dict>
			<key>buildSettings</key>
			<dict>
				<key>BUNDLE_LOADER</key>
				<string>$(BUILT_PRODUCTS_DIR)/MalometerWeek5.app/MalometerWeek5</string>
				<key>FRAMEWORK_SEARCH_PATHS</key>
				<array>
					<string>$(SDKROOT)/Developer/Library/Frameworks</string>
					<string>$(inherited)</string>
					<string>$(DEVELOPER_FRAMEWORKS_DIR)</string>
				</array>
				<key>GCC_PRECOMPILE_PREFIX_HEADER</key>
				<string>YES</string>
				<key>GCC_PREFIX_HEADER</key>
				<string>MalometerWeek5/Supporting Files/MalometerWeek5-Prefix.pch</string>
				<key>INFOPLIST_FILE</key>
				<string>MalometerWeek5Tests/Supporting Files/MalometerWeek5Tests-Info.plist</string>
				<key>PRODUCT_NAME</key>
				<string>$(TARGET_NAME)</string>
				<key>TEST_HOST</key>
				<string>$(BUNDLE_LOADER)</string>
				<key>WRAPPER_EXTENSION</key>
				<string>xctest</string>
			</dict>
			<key>isa</key>
			<string>XCBuildConfiguration</string>
			<key>name</key>
			<string>Release</string>
		</dict>
		<key>1D9A595E19616CC0006CB73F</key>
		<dict>
			<key>children</key>
			<array>
				<string>1D9A593A19616C49006CB73F</string>
				<string>1D9A593B19616C49006CB73F</string>
				<string>1D9A593D19616C49006CB73F</string>
				<string>1D9A593E19616C49006CB73F</string>
				<string>1D9A5962196176F0006CB73F</string>
			</array>
			<key>isa</key>
			<string>PBXGroup</string>
			<key>name</key>
			<string>Controller</string>
			<key>path</key>
			<string>Controller</string>
			<key>sourceTree</key>
			<string>&lt;group&gt;</string>
		</dict>
		<key>1D9A595F19616CC7006CB73F</key>
		<dict>
			<key>children</key>
			<array>
				<string>1D9A593419616C49006CB73F</string>
			</array>
			<key>isa</key>
			<string>PBXGroup</string>
			<key>name</key>
			<string>View</string>
			<key>path</key>
			<string>View</string>
			<key>sourceTree</key>
			<string>&lt;group&gt;</string>
		</dict>
		<key>1D9A596019616CCE006CB73F</key>
		<dict>
			<key>children</key>
			<array>
				<string>1D9A593119616C48006CB73F</string>
				<string>1D9A593219616C49006CB73F</string>
			</array>
			<key>isa</key>
			<string>PBXGroup</string>
			<key>name</key>
			<string>AppDelegate</string>
			<key>path</key>
			<string>AppDelegate</string>
			<key>sourceTree</key>
			<string>&lt;group&gt;</string>
		</dict>
		<key>1D9A596119616CDC006CB73F</key>
		<dict>
			<key>children</key>
			<array>
				<string>1D9A59661961BDF5006CB73F</string>
				<string>1D9A59671961BDF5006CB73F</string>
				<string>1D9A59691961BED0006CB73F</string>
				<string>1D9A596A1961BED0006CB73F</string>
				<string>1D9A593719616C49006CB73F</string>
			</array>
			<key>isa</key>
			<string>PBXGroup</string>
			<key>name</key>
			<string>Model</string>
			<key>path</key>
			<string>Model</string>
			<key>sourceTree</key>
			<string>&lt;group&gt;</string>
		</dict>
		<key>1D9A5962196176F0006CB73F</key>
		<dict>
			<key>isa</key>
			<string>PBXFileReference</string>
			<key>lastKnownFileType</key>
			<string>sourcecode.c.h</string>
			<key>path</key>
			<string>IHDismissProtocol.h</string>
			<key>sourceTree</key>
			<string>&lt;group&gt;</string>
		</dict>
		<key>1D9A59661961BDF5006CB73F</key>
		<dict>
			<key>fileEncoding</key>
			<string>4</string>
			<key>isa</key>
			<string>PBXFileReference</string>
			<key>lastKnownFileType</key>
			<string>sourcecode.c.h</string>
			<key>path</key>
			<string>Agent.h</string>
			<key>sourceTree</key>
			<string>&lt;group&gt;</string>
		</dict>
		<key>1D9A59671961BDF5006CB73F</key>
		<dict>
			<key>fileEncoding</key>
			<string>4</string>
			<key>isa</key>
			<string>PBXFileReference</string>
			<key>lastKnownFileType</key>
			<string>sourcecode.c.objc</string>
			<key>path</key>
			<string>Agent.m</string>
			<key>sourceTree</key>
			<string>&lt;group&gt;</string>
		</dict>
		<key>1D9A59681961BDF5006CB73F</key>
		<dict>
			<key>fileRef</key>
			<string>1D9A59671961BDF5006CB73F</string>
			<key>isa</key>
			<string>PBXBuildFile</string>
		</dict>
		<key>1D9A59691961BED0006CB73F</key>
		<dict>
			<key>fileEncoding</key>
			<string>4</string>
			<key>isa</key>
			<string>PBXFileReference</string>
			<key>lastKnownFileType</key>
			<string>sourcecode.c.h</string>
			<key>path</key>
			<string>Agent+Model.h</string>
			<key>sourceTree</key>
			<string>&lt;group&gt;</string>
		</dict>
		<key>1D9A596A1961BED0006CB73F</key>
		<dict>
			<key>fileEncoding</key>
			<string>4</string>
			<key>isa</key>
			<string>PBXFileReference</string>
			<key>lastKnownFileType</key>
			<string>sourcecode.c.objc</string>
			<key>path</key>
			<string>Agent+Model.m</string>
			<key>sourceTree</key>
			<string>&lt;group&gt;</string>
		</dict>
		<key>1D9A596B1961BED0006CB73F</key>
		<dict>
			<key>fileRef</key>
			<string>1D9A596A1961BED0006CB73F</string>
			<key>isa</key>
			<string>PBXBuildFile</string>
		</dict>
	</dict>
	<key>rootObject</key>
	<string>1D9A591519616C48006CB73F</string>
</dict>
</plist>
